
Microsoft Visual Studio Solution File, Format Version 12.00
# Visual Studio Version 16
VisualStudioVersion = 16.0.36631.11
MinimumVisualStudioVersion = 10.0.40219.1
Project("{9A19103F-16F7-4668-BE54-9A1E7A4F7556}") = "HCILibrary", "HCILibrary.csproj", "{757A8E5D-5A6C-463B-AD5E-8AC2ED51650D}"
EndProject
Project("{9A19103F-16F7-4668-BE54-9A1E7A4F7556}") = "HCIExplorer", "HCIExplorer\HCIExplorer.csproj", "{6DB4B4C5-1A54-4177-BEE8-C83ED9CEA335}"
EndProject
Project("{FAE04EC0-301F-11D3-BF4B-00C04F79EFBC}") = "EclipseHXSNMP", "EclipseHXSNMP\EclipseHXSNMP.csproj", "{BBD51491-A7DD-47BF-90E4-04087473061F}"
EndProject
Project("{FAE04EC0-301F-11D3-BF4B-00C04F79EFBC}") = "HCITestConsole", "HCITestConsole\HCITestConsole.csproj", "{AB4D1614-F01E-4FFA-81B3-5470B6C8BD76}"
EndProject
Project("{FAE04EC0-301F-11D3-BF4B-00C04F79EFBC}") = "RESTLibrary", "RESTLibrary\RESTLibrary.csproj", "{C588230F-6046-4DFB-B81C-EB5D7CD5D1BA}"
EndProject
Project("{FAE04EC0-301F-11D3-BF4B-00C04F79EFBC}") = "RestTestConsole", "RestTestConsole\RestTestConsole.csproj", "{5EB4A172-B97D-4C42-B4A7-607DDE4425DA}"
EndProject
Global
	GlobalSection(SolutionConfigurationPlatforms) = preSolution
		Debug|Any CPU = Debug|Any CPU
		Debug|x64 = Debug|x64
		Debug|x86 = Debug|x86
		Release|Any CPU = Release|Any CPU
		Release|x64 = Release|x64
		Release|x86 = Release|x86
	EndGlobalSection
	GlobalSection(ProjectConfigurationPlatforms) = postSolution
		{757A8E5D-5A6C-463B-AD5E-8AC2ED51650D}.Debug|Any CPU.ActiveCfg = Debug|Any CPU
		{757A8E5D-5A6C-463B-AD5E-8AC2ED51650D}.Debug|Any CPU.Build.0 = Debug|Any CPU
		{757A8E5D-5A6C-463B-AD5E-8AC2ED51650D}.Debug|x64.ActiveCfg = Debug|Any CPU
		{757A8E5D-5A6C-463B-AD5E-8AC2ED51650D}.Debug|x64.Build.0 = Debug|Any CPU
		{757A8E5D-5A6C-463B-AD5E-8AC2ED51650D}.Debug|x86.ActiveCfg = Debug|Any CPU
		{757A8E5D-5A6C-463B-AD5E-8AC2ED51650D}.Debug|x86.Build.0 = Debug|Any CPU
		{757A8E5D-5A6C-463B-AD5E-8AC2ED51650D}.Release|Any CPU.ActiveCfg = Release|Any CPU
		{757A8E5D-5A6C-463B-AD5E-8AC2ED51650D}.Release|Any CPU.Build.0 = Release|Any CPU
		{757A8E5D-5A6C-463B-AD5E-8AC2ED51650D}.Release|x64.ActiveCfg = Release|Any CPU
		{757A8E5D-5A6C-463B-AD5E-8AC2ED51650D}.Release|x64.Build.0 = Release|Any CPU
		{757A8E5D-5A6C-463B-AD5E-8AC2ED51650D}.Release|x86.ActiveCfg = Release|Any CPU
		{757A8E5D-5A6C-463B-AD5E-8AC2ED51650D}.Release|x86.Build.0 = Release|Any CPU
		{6DB4B4C5-1A54-4177-BEE8-C83ED9CEA335}.Debug|Any CPU.ActiveCfg = Debug|Any CPU
		{6DB4B4C5-1A54-4177-BEE8-C83ED9CEA335}.Debug|Any CPU.Build.0 = Debug|Any CPU
		{6DB4B4C5-1A54-4177-BEE8-C83ED9CEA335}.Debug|x64.ActiveCfg = Debug|Any CPU
		{6DB4B4C5-1A54-4177-BEE8-C83ED9CEA335}.Debug|x64.Build.0 = Debug|Any CPU
		{6DB4B4C5-1A54-4177-BEE8-C83ED9CEA335}.Debug|x86.ActiveCfg = Debug|Any CPU
		{6DB4B4C5-1A54-4177-BEE8-C83ED9CEA335}.Debug|x86.Build.0 = Debug|Any CPU
		{6DB4B4C5-1A54-4177-BEE8-C83ED9CEA335}.Release|Any CPU.ActiveCfg = Release|Any CPU
		{6DB4B4C5-1A54-4177-BEE8-C83ED9CEA335}.Release|Any CPU.Build.0 = Release|Any CPU
		{6DB4B4C5-1A54-4177-BEE8-C83ED9CEA335}.Release|x64.ActiveCfg = Release|Any CPU
		{6DB4B4C5-1A54-4177-BEE8-C83ED9CEA335}.Release|x64.Build.0 = Release|Any CPU
		{6DB4B4C5-1A54-4177-BEE8-C83ED9CEA335}.Release|x86.ActiveCfg = Release|Any CPU
		{6DB4B4C5-1A54-4177-BEE8-C83ED9CEA335}.Release|x86.Build.0 = Release|Any CPU
		{BBD51491-A7DD-47BF-90E4-04087473061F}.Debug|Any CPU.ActiveCfg = Debug|Any CPU
		{BBD51491-A7DD-47BF-90E4-04087473061F}.Debug|Any CPU.Build.0 = Debug|Any CPU
		{BBD51491-A7DD-47BF-90E4-04087473061F}.Debug|x64.ActiveCfg = Debug|Any CPU
		{BBD51491-A7DD-47BF-90E4-04087473061F}.Debug|x64.Build.0 = Debug|Any CPU
		{BBD51491-A7DD-47BF-90E4-04087473061F}.Debug|x86.ActiveCfg = Debug|Any CPU
		{BBD51491-A7DD-47BF-90E4-04087473061F}.Debug|x86.Build.0 = Debug|Any CPU
		{BBD51491-A7DD-47BF-90E4-04087473061F}.Release|Any CPU.ActiveCfg = Release|Any CPU
		{BBD51491-A7DD-47BF-90E4-04087473061F}.Release|Any CPU.Build.0 = Release|Any CPU
		{BBD51491-A7DD-47BF-90E4-04087473061F}.Release|x64.ActiveCfg = Release|Any CPU
		{BBD51491-A7DD-47BF-90E4-04087473061F}.Release|x64.Build.0 = Release|Any CPU
		{BBD51491-A7DD-47BF-90E4-04087473061F}.Release|x86.ActiveCfg = Release|Any CPU
		{BBD51491-A7DD-47BF-90E4-04087473061F}.Release|x86.Build.0 = Release|Any CPU
		{AB4D1614-F01E-4FFA-81B3-5470B6C8BD76}.Debug|Any CPU.ActiveCfg = Debug|Any CPU
		{AB4D1614-F01E-4FFA-81B3-5470B6C8BD76}.Debug|Any CPU.Build.0 = Debug|Any CPU
		{AB4D1614-F01E-4FFA-81B3-5470B6C8BD76}.Debug|x64.ActiveCfg = Debug|Any CPU
		{AB4D1614-F01E-4FFA-81B3-5470B6C8BD76}.Debug|x64.Build.0 = Debug|Any CPU
		{AB4D1614-F01E-4FFA-81B3-5470B6C8BD76}.Debug|x86.ActiveCfg = Debug|Any CPU
		{AB4D1614-F01E-4FFA-81B3-5470B6C8BD76}.Debug|x86.Build.0 = Debug|Any CPU
		{AB4D1614-F01E-4FFA-81B3-5470B6C8BD76}.Release|Any CPU.ActiveCfg = Release|Any CPU
		{AB4D1614-F01E-4FFA-81B3-5470B6C8BD76}.Release|Any CPU.Build.0 = Release|Any CPU
		{AB4D1614-F01E-4FFA-81B3-5470B6C8BD76}.Release|x64.ActiveCfg = Release|Any CPU
		{AB4D1614-F01E-4FFA-81B3-5470B6C8BD76}.Release|x64.Build.0 = Release|Any CPU
		{AB4D1614-F01E-4FFA-81B3-5470B6C8BD76}.Release|x86.ActiveCfg = Release|Any CPU
		{AB4D1614-F01E-4FFA-81B3-5470B6C8BD76}.Release|x86.Build.0 = Release|Any CPU
		{C588230F-6046-4DFB-B81C-EB5D7CD5D1BA}.Debug|Any CPU.ActiveCfg = Debug|Any CPU
		{C588230F-6046-4DFB-B81C-EB5D7CD5D1BA}.Debug|Any CPU.Build.0 = Debug|Any CPU
		{C588230F-6046-4DFB-B81C-EB5D7CD5D1BA}.Debug|x64.ActiveCfg = Debug|Any CPU
		{C588230F-6046-4DFB-B81C-EB5D7CD5D1BA}.Debug|x64.Build.0 = Debug|Any CPU
		{C588230F-6046-4DFB-B81C-EB5D7CD5D1BA}.Debug|x86.ActiveCfg = Debug|Any CPU
		{C588230F-6046-4DFB-B81C-EB5D7CD5D1BA}.Debug|x86.Build.0 = Debug|Any CPU
		{C588230F-6046-4DFB-B81C-EB5D7CD5D1BA}.Release|Any CPU.ActiveCfg = Release|Any CPU
		{C588230F-6046-4DFB-B81C-EB5D7CD5D1BA}.Release|Any CPU.Build.0 = Release|Any CPU
		{C588230F-6046-4DFB-B81C-EB5D7CD5D1BA}.Release|x64.ActiveCfg = Release|Any CPU
		{C588230F-6046-4DFB-B81C-EB5D7CD5D1BA}.Release|x64.Build.0 = Release|Any CPU
		{C588230F-6046-4DFB-B81C-EB5D7CD5D1BA}.Release|x86.ActiveCfg = Release|Any CPU
		{C588230F-6046-4DFB-B81C-EB5D7CD5D1BA}.Release|x86.Build.0 = Release|Any CPU
		{5EB4A172-B97D-4C42-B4A7-607DDE4425DA}.Debug|Any CPU.ActiveCfg = Debug|Any CPU
		{5EB4A172-B97D-4C42-B4A7-607DDE4425DA}.Debug|Any CPU.Build.0 = Debug|Any CPU
		{5EB4A172-B97D-4C42-B4A7-607DDE4425DA}.Debug|x64.ActiveCfg = Debug|Any CPU
		{5EB4A172-B97D-4C42-B4A7-607DDE4425DA}.Debug|x64.Build.0 = Debug|Any CPU
		{5EB4A172-B97D-4C42-B4A7-607DDE4425DA}.Debug|x86.ActiveCfg = Debug|Any CPU
		{5EB4A172-B97D-4C42-B4A7-607DDE4425DA}.Debug|x86.Build.0 = Debug|Any CPU
		{5EB4A172-B97D-4C42-B4A7-607DDE4425DA}.Release|Any CPU.ActiveCfg = Release|Any CPU
		{5EB4A172-B97D-4C42-B4A7-607DDE4425DA}.Release|Any CPU.Build.0 = Release|Any CPU
		{5EB4A172-B97D-4C42-B4A7-607DDE4425DA}.Release|x64.ActiveCfg = Release|Any CPU
		{5EB4A172-B97D-4C42-B4A7-607DDE4425DA}.Release|x64.Build.0 = Release|Any CPU
		{5EB4A172-B97D-4C42-B4A7-607DDE4425DA}.Release|x86.ActiveCfg = Release|Any CPU
		{5EB4A172-B97D-4C42-B4A7-607DDE4425DA}.Release|x86.Build.0 = Release|Any CPU
	EndGlobalSection
	GlobalSection(SolutionProperties) = preSolution
		HideSolutionNode = FALSE
	EndGlobalSection
	GlobalSection(ExtensibilityGlobals) = postSolution
		SolutionGuid = {B026BEB1-160A-44FC-B9C3-F2CDBF7F17F2}
	EndGlobalSection
EndGlobal
